<?xml version="1.0" encoding="utf-8"?>
<Project ToolsVersion="4.0" xmlns="http://schemas.microsoft.com/developer/msbuild/2003">
  <ItemGroup>
    <None Include=".editorconfig" />
  </ItemGroup>
  <ItemGroup>
    <Filter Include="src">
      <UniqueIdentifier>{57f6ed27-c320-4aa3-8b9c-28e435441e78}</UniqueIdentifier>
    </Filter>
    <Filter Include="src\Core">
      <UniqueIdentifier>{fc6abe5c-f5f3-4f36-86fc-b55997c440bd}</UniqueIdentifier>
    </Filter>
    <Filter Include="shaders">
      <UniqueIdentifier>{7c5fb115-b340-436a-832c-e19d98167f58}</UniqueIdentifier>
    </Filter>
  </ItemGroup>
  <ItemGroup>
    <ClCompile Include="src\Main.cpp">
      <Filter>src</Filter>
    </ClCompile>
    <ClCompile Include="src\Core\Win32Application.cpp">
      <Filter>src\Core</Filter>
    </ClCompile>
    <ClCompile Include="src\Core\DX12AppBase.cpp">
      <Filter>src\Core</Filter>
    </ClCompile>
    <ClCompile Include="pch.cpp" />
    <ClCompile Include="src\Core\DX12TriangleApp.cpp">
      <Filter>src\Core</Filter>
    </ClCompile>
  </ItemGroup>
  <ItemGroup>
    <ClInclude Include="src\Core\Win32Application.h">
      <Filter>src\Core</Filter>
    </ClInclude>
    <ClInclude Include="src\Core\DX12AppBase.h">
      <Filter>src\Core</Filter>
    </ClInclude>
    <ClInclude Include="src\Core\DX12CoreHelper.h">
      <Filter>src\Core</Filter>
    </ClInclude>
    <ClInclude Include="src\Core\DX12TriangleApp.h">
      <Filter>src\Core</Filter>
    </ClInclude>
    <ClInclude Include="pch.h" />
  </ItemGroup>
  <ItemGroup>
    <CustomBuild Include="shaders.hlsl">
      <Filter>shaders</Filter>
    </CustomBuild>
  </ItemGroup>
</Project>